
Microsoft Visual Studio Solution File, Format Version 11.00
# Visual Studio 2010
Project("{FAE04EC0-301F-11D3-BF4B-00C04F79EFBC}") = "ElasticSearchClient", "ElasticSearchClient\ElasticSearchClient.csproj", "{7DBBC255-BB21-487D-91A7-A3424CB87D97}"
EndProject
Project("{FAE04EC0-301F-11D3-BF4B-00C04F79EFBC}") = "ElasticSearchClient.Tests", "ElasticSearchClient.Tests\ElasticSearchClient.Tests.csproj", "{60BC8E61-E258-4F5D-8BBB-49E9A87536C7}"
EndProject
Global
	GlobalSection(SolutionConfigurationPlatforms) = preSolution
		Debug|Any CPU = Debug|Any CPU
		Release|Any CPU = Release|Any CPU
	EndGlobalSection
	GlobalSection(ProjectConfigurationPlatforms) = postSolution
		{7DBBC255-BB21-487D-91A7-A3424CB87D97}.Debug|Any CPU.ActiveCfg = Debug|Any CPU
		{7DBBC255-BB21-487D-91A7-A3424CB87D97}.Debug|Any CPU.Build.0 = Debug|Any CPU
		{7DBBC255-BB21-487D-91A7-A3424CB87D97}.Release|Any CPU.ActiveCfg = Release|Any CPU
		{7DBBC255-BB21-487D-91A7-A3424CB87D97}.Release|Any CPU.Build.0 = Release|Any CPU
		{60BC8E61-E258-4F5D-8BBB-49E9A87536C7}.Debug|Any CPU.ActiveCfg = Debug|Any CPU
		{60BC8E61-E258-4F5D-8BBB-49E9A87536C7}.Debug|Any CPU.Build.0 = Debug|Any CPU
		{60BC8E61-E258-4F5D-8BBB-49E9A87536C7}.Release|Any CPU.ActiveCfg = Release|Any CPU
		{60BC8E61-E258-4F5D-8BBB-49E9A87536C7}.Release|Any CPU.Build.0 = Release|Any CPU
	EndGlobalSection
	GlobalSection(SolutionProperties) = preSolution
		HideSolutionNode = FALSE
	EndGlobalSection
EndGlobal
